
Microsoft Visual Studio Solution File, Format Version 12.00
# Visual Studio 15
VisualStudioVersion = 15.0.28010.2003
MinimumVisualStudioVersion = 10.0.40219.1
Project("{FAE04EC0-301F-11D3-BF4B-00C04F79EFBC}") = "Susan-WebApp", "Susan-WebApp\Susan-WebApp.csproj", "{3645943A-0511-4952-A4BE-DD2D03720848}"
EndProject
Global
	GlobalSection(SolutionConfigurationPlatforms) = preSolution
		Debug|Any CPU = Debug|Any CPU
		Release|Any CPU = Release|Any CPU
	EndGlobalSection
	GlobalSection(ProjectConfigurationPlatforms) = postSolution
		{3645943A-0511-4952-A4BE-DD2D03720848}.Debug|Any CPU.ActiveCfg = Debug|Any CPU
		{3645943A-0511-4952-A4BE-DD2D03720848}.Debug|Any CPU.Build.0 = Debug|Any CPU
		{3645943A-0511-4952-A4BE-DD2D03720848}.Release|Any CPU.ActiveCfg = Release|Any CPU
		{3645943A-0511-4952-A4BE-DD2D03720848}.Release|Any CPU.Build.0 = Release|Any CPU
	EndGlobalSection
	GlobalSection(SolutionProperties) = preSolution
		HideSolutionNode = FALSE
	EndGlobalSection
	GlobalSection(ExtensibilityGlobals) = postSolution
		SolutionGuid = {82E6E2D2-AA33-45BB-9F37-D5A5A08DD801}
	EndGlobalSection
EndGlobal
